# THIS IS AN AUTOGENERATED FILE. DO NOT EDIT THIS FILE DIRECTLY.
# yarn lockfile v1


"@patternfly/patternfly@^2.49.0":
  version "2.66.0"
  resolved "https://registry.yarnpkg.com/@patternfly/patternfly/-/patternfly-2.66.0.tgz#18c15d299a3ad8777f052b809ab21ec2ba4f8546"
  integrity sha512-fZMr2q9LZhVtKAEcDJ4rzcCGC6iN93mEQPoLlv2T9td5Hba1bLw8Bpgp5fdTm95Fv/++AY0PsdUPZUzh1cx7Sg==
