# THIS IS AN AUTOGENERATED FILE. DO NOT EDIT THIS FILE DIRECTLY.
# yarn lockfile v1


"@patternfly/patternfly@^2.49.0":
  version "2.54.1"
  resolved "https://registry.yarnpkg.com/@patternfly/patternfly/-/patternfly-2.54.1.tgz#359069439c1b9931882815c928bd3a6ef9fb8fcf"
  integrity sha512-psbG9Z0aEQ5+to1vCKhPoBpQt0GxV/Xd6hg5UpjKhdEddnPoCnqmPU3B+JCWCu0phdTCva5mlwg4V/dkabkxyA==
