# THIS IS AN AUTOGENERATED FILE. DO NOT EDIT THIS FILE DIRECTLY.
# yarn lockfile v1


"@patternfly/patternfly@^2.49.0":
  version "2.49.0"
  resolved "https://registry.yarnpkg.com/@patternfly/patternfly/-/patternfly-2.49.0.tgz#478259878245d4cfba5678911b4bb69ae0a6a7b6"
  integrity sha512-AiPmvdgE5No6F0Vd2L/cid6NGkC7bc9qu5DzKcK9q7ZKzE5o9Skm6XUg0HngWx6UvSR+YlUuj/TGCo3MK+RoMw==
